
Microsoft Visual Studio Solution File, Format Version 12.00
# Visual Studio Version 16
VisualStudioVersion = 16.0.29411.108
MinimumVisualStudioVersion = 10.0.40219.1
Project("{9A19103F-16F7-4668-BE54-9A1E7A4F7556}") = "FormulaOneConsole", "FormulaOneConsole\FormulaOneConsole.csproj", "{CD83646F-9689-485F-8AD2-BD4BF12E1B2E}"
EndProject
Project("{2150E333-8FDC-42A3-9474-1A3956D46DE8}") = "Solution Items", "Solution Items", "{AA6F0E30-1F80-4F39-87C3-FF179694B24A}"
	ProjectSection(SolutionItems) = preProject
		README.md = README.md
	EndProjectSection
EndProject
Project("{FAE04EC0-301F-11D3-BF4B-00C04F79EFBC}") = "FormulaOneWebForm", "FormulaOneWebForm\FormulaOneWebForm.csproj", "{571C656B-0E11-49E4-B8AD-2390CF6B8AB2}"
EndProject
Project("{FAE04EC0-301F-11D3-BF4B-00C04F79EFBC}") = "FormulaOneDLL", "FormulaOneDLL\FormulaOneDLL.csproj", "{78E92961-5AA8-4F32-9AED-0948AA01A369}"
EndProject
Project("{FAE04EC0-301F-11D3-BF4B-00C04F79EFBC}") = "FormulaOneWebServices", "FormulaOneWebServices\FormulaOneWebServices.csproj", "{20FAC1FB-622E-4AB7-9A94-63B944302A9F}"
EndProject
Global
	GlobalSection(SolutionConfigurationPlatforms) = preSolution
		Debug|Any CPU = Debug|Any CPU
		Release|Any CPU = Release|Any CPU
	EndGlobalSection
	GlobalSection(ProjectConfigurationPlatforms) = postSolution
		{CD83646F-9689-485F-8AD2-BD4BF12E1B2E}.Debug|Any CPU.ActiveCfg = Debug|Any CPU
		{CD83646F-9689-485F-8AD2-BD4BF12E1B2E}.Debug|Any CPU.Build.0 = Debug|Any CPU
		{CD83646F-9689-485F-8AD2-BD4BF12E1B2E}.Release|Any CPU.ActiveCfg = Release|Any CPU
		{CD83646F-9689-485F-8AD2-BD4BF12E1B2E}.Release|Any CPU.Build.0 = Release|Any CPU
		{571C656B-0E11-49E4-B8AD-2390CF6B8AB2}.Debug|Any CPU.ActiveCfg = Debug|Any CPU
		{571C656B-0E11-49E4-B8AD-2390CF6B8AB2}.Debug|Any CPU.Build.0 = Debug|Any CPU
		{571C656B-0E11-49E4-B8AD-2390CF6B8AB2}.Release|Any CPU.ActiveCfg = Release|Any CPU
		{571C656B-0E11-49E4-B8AD-2390CF6B8AB2}.Release|Any CPU.Build.0 = Release|Any CPU
		{78E92961-5AA8-4F32-9AED-0948AA01A369}.Debug|Any CPU.ActiveCfg = Debug|Any CPU
		{78E92961-5AA8-4F32-9AED-0948AA01A369}.Debug|Any CPU.Build.0 = Debug|Any CPU
		{78E92961-5AA8-4F32-9AED-0948AA01A369}.Release|Any CPU.ActiveCfg = Release|Any CPU
		{78E92961-5AA8-4F32-9AED-0948AA01A369}.Release|Any CPU.Build.0 = Release|Any CPU
		{20FAC1FB-622E-4AB7-9A94-63B944302A9F}.Debug|Any CPU.ActiveCfg = Debug|Any CPU
		{20FAC1FB-622E-4AB7-9A94-63B944302A9F}.Debug|Any CPU.Build.0 = Debug|Any CPU
		{20FAC1FB-622E-4AB7-9A94-63B944302A9F}.Release|Any CPU.ActiveCfg = Release|Any CPU
		{20FAC1FB-622E-4AB7-9A94-63B944302A9F}.Release|Any CPU.Build.0 = Release|Any CPU
	EndGlobalSection
	GlobalSection(SolutionProperties) = preSolution
		HideSolutionNode = FALSE
	EndGlobalSection
	GlobalSection(ExtensibilityGlobals) = postSolution
		SolutionGuid = {A9C4AF02-E88E-41DC-8325-DEC5E85DF19D}
	EndGlobalSection
EndGlobal
